
Microsoft Visual Studio Solution File, Format Version 12.00
# Visual Studio Version 16
VisualStudioVersion = 16.0.30907.101
MinimumVisualStudioVersion = 10.0.40219.1
Project("{FAE04EC0-301F-11D3-BF4B-00C04F79EFBC}") = "EmpresaXYZ.Models", "EmpresaXYZ.Models\EmpresaXYZ.Models.csproj", "{4B04A3C7-3065-4D91-9887-577F9EBB146C}"
EndProject
Project("{FAE04EC0-301F-11D3-BF4B-00C04F79EFBC}") = "EmpresaXYZ.DAL", "EmpresaXYZ.DAL\EmpresaXYZ.DAL.csproj", "{A9F3BF09-5E98-427F-917E-D61EB355AFB9}"
EndProject
Project("{FAE04EC0-301F-11D3-BF4B-00C04F79EFBC}") = "EmpresaXYZ.BLL", "EmpresaXYZ.BLL\EmpresaXYZ.BLL.csproj", "{6FF29DD4-659F-4BE7-AEF0-D13C9F35037B}"
EndProject
Global
	GlobalSection(SolutionConfigurationPlatforms) = preSolution
		Debug|Any CPU = Debug|Any CPU
		Release|Any CPU = Release|Any CPU
	EndGlobalSection
	GlobalSection(ProjectConfigurationPlatforms) = postSolution
		{4B04A3C7-3065-4D91-9887-577F9EBB146C}.Debug|Any CPU.ActiveCfg = Debug|Any CPU
		{4B04A3C7-3065-4D91-9887-577F9EBB146C}.Debug|Any CPU.Build.0 = Debug|Any CPU
		{4B04A3C7-3065-4D91-9887-577F9EBB146C}.Release|Any CPU.ActiveCfg = Release|Any CPU
		{4B04A3C7-3065-4D91-9887-577F9EBB146C}.Release|Any CPU.Build.0 = Release|Any CPU
		{A9F3BF09-5E98-427F-917E-D61EB355AFB9}.Debug|Any CPU.ActiveCfg = Debug|Any CPU
		{A9F3BF09-5E98-427F-917E-D61EB355AFB9}.Debug|Any CPU.Build.0 = Debug|Any CPU
		{A9F3BF09-5E98-427F-917E-D61EB355AFB9}.Release|Any CPU.ActiveCfg = Release|Any CPU
		{A9F3BF09-5E98-427F-917E-D61EB355AFB9}.Release|Any CPU.Build.0 = Release|Any CPU
		{6FF29DD4-659F-4BE7-AEF0-D13C9F35037B}.Debug|Any CPU.ActiveCfg = Debug|Any CPU
		{6FF29DD4-659F-4BE7-AEF0-D13C9F35037B}.Debug|Any CPU.Build.0 = Debug|Any CPU
		{6FF29DD4-659F-4BE7-AEF0-D13C9F35037B}.Release|Any CPU.ActiveCfg = Release|Any CPU
		{6FF29DD4-659F-4BE7-AEF0-D13C9F35037B}.Release|Any CPU.Build.0 = Release|Any CPU
	EndGlobalSection
	GlobalSection(SolutionProperties) = preSolution
		HideSolutionNode = FALSE
	EndGlobalSection
	GlobalSection(ExtensibilityGlobals) = postSolution
		SolutionGuid = {04A221E5-20DE-4A37-AEA7-5BE9F3964B2C}
	EndGlobalSection
EndGlobal
